
Microsoft Visual Studio Solution File, Format Version 12.00
# Visual Studio Version 17
VisualStudioVersion = 17.5.002.0
MinimumVisualStudioVersion = 10.0.40219.1
Project("{FAE04EC0-301F-11D3-BF4B-00C04F79EFBC}") = "nws-radar-looper", "nws-radar-looper\nws-radar-looper.csproj", "{D0FDE9FC-DF19-485D-82CA-AB777DAF6E11}"
EndProject
Project("{FAE04EC0-301F-11D3-BF4B-00C04F79EFBC}") = "nws-radar-looper.unit.test", "nws-radar-looper.unit.test\nws-radar-looper.unit.test.csproj", "{CA344117-B78D-47F9-A914-9B93EC197428}"
EndProject
Global
	GlobalSection(SolutionConfigurationPlatforms) = preSolution
		Debug|Any CPU = Debug|Any CPU
		Release|Any CPU = Release|Any CPU
	EndGlobalSection
	GlobalSection(ProjectConfigurationPlatforms) = postSolution
		{5964E97C-9FDF-4E12-9303-A53ECE028027}.Debug|Any CPU.ActiveCfg = Debug|Any CPU
		{5964E97C-9FDF-4E12-9303-A53ECE028027}.Debug|Any CPU.Build.0 = Debug|Any CPU
		{5964E97C-9FDF-4E12-9303-A53ECE028027}.Release|Any CPU.ActiveCfg = Release|Any CPU
		{5964E97C-9FDF-4E12-9303-A53ECE028027}.Release|Any CPU.Build.0 = Release|Any CPU
		{D0FDE9FC-DF19-485D-82CA-AB777DAF6E11}.Debug|Any CPU.ActiveCfg = Debug|Any CPU
		{D0FDE9FC-DF19-485D-82CA-AB777DAF6E11}.Debug|Any CPU.Build.0 = Debug|Any CPU
		{D0FDE9FC-DF19-485D-82CA-AB777DAF6E11}.Release|Any CPU.ActiveCfg = Release|Any CPU
		{D0FDE9FC-DF19-485D-82CA-AB777DAF6E11}.Release|Any CPU.Build.0 = Release|Any CPU
		{CA344117-B78D-47F9-A914-9B93EC197428}.Debug|Any CPU.ActiveCfg = Debug|Any CPU
		{CA344117-B78D-47F9-A914-9B93EC197428}.Debug|Any CPU.Build.0 = Debug|Any CPU
		{CA344117-B78D-47F9-A914-9B93EC197428}.Release|Any CPU.ActiveCfg = Release|Any CPU
		{CA344117-B78D-47F9-A914-9B93EC197428}.Release|Any CPU.Build.0 = Release|Any CPU
	EndGlobalSection
	GlobalSection(SolutionProperties) = preSolution
		HideSolutionNode = FALSE
	EndGlobalSection
	GlobalSection(ExtensibilityGlobals) = postSolution
		SolutionGuid = {E1FA769E-8047-420B-AFC6-2EE8E8583457}
	EndGlobalSection
EndGlobal
